
Microsoft Visual Studio Solution File, Format Version 12.00
# Visual Studio Version 16
VisualStudioVersion = 16.0.33801.447
MinimumVisualStudioVersion = 10.0.40219.1
Project("{FAE04EC0-301F-11D3-BF4B-00C04F79EFBC}") = "calculator", "calculator\calculator.csproj", "{AA461461-0D91-4124-9DE0-63774F85AC26}"
EndProject
Global
	GlobalSection(SolutionConfigurationPlatforms) = preSolution
		Debug|Any CPU = Debug|Any CPU
		Release|Any CPU = Release|Any CPU
	EndGlobalSection
	GlobalSection(ProjectConfigurationPlatforms) = postSolution
		{AA461461-0D91-4124-9DE0-63774F85AC26}.Debug|Any CPU.ActiveCfg = Debug|Any CPU
		{AA461461-0D91-4124-9DE0-63774F85AC26}.Debug|Any CPU.Build.0 = Debug|Any CPU
		{AA461461-0D91-4124-9DE0-63774F85AC26}.Release|Any CPU.ActiveCfg = Release|Any CPU
		{AA461461-0D91-4124-9DE0-63774F85AC26}.Release|Any CPU.Build.0 = Release|Any CPU
	EndGlobalSection
	GlobalSection(SolutionProperties) = preSolution
		HideSolutionNode = FALSE
	EndGlobalSection
	GlobalSection(ExtensibilityGlobals) = postSolution
		SolutionGuid = {8F879912-24C0-4EED-A967-7BE7667D9A40}
	EndGlobalSection
EndGlobal
